{
  "name": "immersigration",
  "version": "1.0.0",
  "lockfileVersion": 3,
  "requires": true,
  "packages": {
    "": {
      "name": "immersigration",
      "version": "1.0.0",
      "license": "MIT",
      "dependencies": {
        "isotope-layout": "^3.0.6",
        "jquery": "^3.7.1",
        "masonry-layout": "^4.2.2"
      },
      "devDependencies": {
        "sass": "^1.83.1",
        "terser": "^5.37.0",
        "vite": "^6.0.7",
        "vite-plugin-live-reload": "^3.0.4"
      }
    },
    "node_modules/@esbuild/darwin-x64": {
      "version": "0.24.2",
      "cpu": [
        "x64"
      ],
      "dev": true,
      "license": "MIT",
      "optional": true,
      "os": [
        "darwin"
      ],
      "engines": {
        "node": ">=18"
      }
    },
    "node_modules/@jridgewell/gen-mapping": {
      "version": "0.3.8",
      "dev": true,
      "license": "MIT",
      "dependencies": {
        "@jridgewell/set-array": "^1.2.1",
        "@jridgewell/sourcemap-codec": "^1.4.10",
        "@jridgewell/trace-mapping": "^0.3.24"
      },
      "engines": {
        "node": ">=6.0.0"
      }
    },
    "node_modules/@jridgewell/resolve-uri": {
      "version": "3.1.2",
      "dev": true,
      "license": "MIT",
      "engines": {
        "node": ">=6.0.0"
      }
    },
    "node_modules/@jridgewell/set-array": {
      "version": "1.2.1",
      "dev": true,
      "license": "MIT",
      "engines": {
        "node": ">=6.0.0"
      }
    },
    "node_modules/@jridgewell/source-map": {
      "version": "0.3.6",
      "dev": true,
      "license": "MIT",
      "dependencies": {
        "@jridgewell/gen-mapping": "^0.3.5",
        "@jridgewell/trace-mapping": "^0.3.25"
      }
    },
    "node_modules/@jridgewell/sourcemap-codec": {
      "version": "1.5.0",
      "dev": true,
      "license": "MIT"
    },
    "node_modules/@jridgewell/trace-mapping": {
      "version": "0.3.25",
      "dev": true,
      "license": "MIT",
      "dependencies": {
        "@jridgewell/resolve-uri": "^3.1.0",
        "@jridgewell/sourcemap-codec": "^1.4.14"
      }
    },
    "node_modules/@parcel/watcher": {
      "version": "2.5.0",
      "dev": true,
      "hasInstallScript": true,
      "license": "MIT",
      "optional": true,
      "dependencies": {
        "detect-libc": "^1.0.3",
        "is-glob": "^4.0.3",
        "micromatch": "^4.0.5",
        "node-addon-api": "^7.0.0"
      },
      "engines": {
        "node": ">= 10.0.0"
      },
      "funding": {
        "type": "opencollective",
        "url": "https://opencollective.com/parcel"
      },
      "optionalDependencies": {
        "@parcel/watcher-android-arm64": "2.5.0",
        "@parcel/watcher-darwin-arm64": "2.5.0",
        "@parcel/watcher-darwin-x64": "2.5.0",
        "@parcel/watcher-freebsd-x64": "2.5.0",
        "@parcel/watcher-linux-arm-glibc": "2.5.0",
        "@parcel/watcher-linux-arm-musl": "2.5.0",
        "@parcel/watcher-linux-arm64-glibc": "2.5.0",
        "@parcel/watcher-linux-arm64-musl": "2.5.0",
        "@parcel/watcher-linux-x64-glibc": "2.5.0",
        "@parcel/watcher-linux-x64-musl": "2.5.0",
        "@parcel/watcher-win32-arm64": "2.5.0",
        "@parcel/watcher-win32-ia32": "2.5.0",
        "@parcel/watcher-win32-x64": "2.5.0"
      }
    },
    "node_modules/@parcel/watcher-darwin-x64": {
      "version": "2.5.0",
      "cpu": [
        "x64"
      ],
      "dev": true,
      "license": "MIT",
      "optional": true,
      "os": [
        "darwin"
      ],
      "engines": {
        "node": ">= 10.0.0"
      },
      "funding": {
        "type": "opencollective",
        "url": "https://opencollective.com/parcel"
      }
    },
    "node_modules/@rollup/rollup-darwin-x64": {
      "version": "4.29.1",
      "cpu": [
        "x64"
      ],
      "dev": true,
      "license": "MIT",
      "optional": true,
      "os": [
        "darwin"
      ]
    },
    "node_modules/@types/estree": {
      "version": "1.0.6",
      "dev": true,
      "license": "MIT"
    },
    "node_modules/acorn": {
      "version": "8.14.0",
      "dev": true,
      "license": "MIT",
      "bin": {
        "acorn": "bin/acorn"
      },
      "engines": {
        "node": ">=0.4.0"
      }
    },
    "node_modules/anymatch": {
      "version": "3.1.3",
      "dev": true,
      "license": "ISC",
      "dependencies": {
        "normalize-path": "^3.0.0",
        "picomatch": "^2.0.4"
      },
      "engines": {
        "node": ">= 8"
      }
    },
    "node_modules/binary-extensions": {
      "version": "2.3.0",
      "dev": true,
      "license": "MIT",
      "engines": {
        "node": ">=8"
      },
      "funding": {
        "url": "https://github.com/sponsors/sindresorhus"
      }
    },
    "node_modules/braces": {
      "version": "3.0.3",
      "dev": true,
      "license": "MIT",
      "dependencies": {
        "fill-range": "^7.1.1"
      },
      "engines": {
        "node": ">=8"
      }
    },
    "node_modules/buffer-from": {
      "version": "1.1.2",
      "dev": true,
      "license": "MIT"
    },
    "node_modules/chokidar": {
      "version": "4.0.3",
      "dev": true,
      "license": "MIT",
      "dependencies": {
        "readdirp": "^4.0.1"
      },
      "engines": {
        "node": ">= 14.16.0"
      },
      "funding": {
        "url": "https://paulmillr.com/funding/"
      }
    },
    "node_modules/commander": {
      "version": "2.20.3",
      "dev": true,
      "license": "MIT"
    },
    "node_modules/desandro-matches-selector": {
      "version": "2.0.2",
      "license": "MIT"
    },
    "node_modules/detect-libc": {
      "version": "1.0.3",
      "dev": true,
      "license": "Apache-2.0",
      "optional": true,
      "bin": {
        "detect-libc": "bin/detect-libc.js"
      },
      "engines": {
        "node": ">=0.10"
      }
    },
    "node_modules/esbuild": {
      "version": "0.24.2",
      "dev": true,
      "hasInstallScript": true,
      "license": "MIT",
      "bin": {
        "esbuild": "bin/esbuild"
      },
      "engines": {
        "node": ">=18"
      },
      "optionalDependencies": {
        "@esbuild/aix-ppc64": "0.24.2",
        "@esbuild/android-arm": "0.24.2",
        "@esbuild/android-arm64": "0.24.2",
        "@esbuild/android-x64": "0.24.2",
        "@esbuild/darwin-arm64": "0.24.2",
        "@esbuild/darwin-x64": "0.24.2",
        "@esbuild/freebsd-arm64": "0.24.2",
        "@esbuild/freebsd-x64": "0.24.2",
        "@esbuild/linux-arm": "0.24.2",
        "@esbuild/linux-arm64": "0.24.2",
        "@esbuild/linux-ia32": "0.24.2",
        "@esbuild/linux-loong64": "0.24.2",
        "@esbuild/linux-mips64el": "0.24.2",
        "@esbuild/linux-ppc64": "0.24.2",
        "@esbuild/linux-riscv64": "0.24.2",
        "@esbuild/linux-s390x": "0.24.2",
        "@esbuild/linux-x64": "0.24.2",
        "@esbuild/netbsd-arm64": "0.24.2",
        "@esbuild/netbsd-x64": "0.24.2",
        "@esbuild/openbsd-arm64": "0.24.2",
        "@esbuild/openbsd-x64": "0.24.2",
        "@esbuild/sunos-x64": "0.24.2",
        "@esbuild/win32-arm64": "0.24.2",
        "@esbuild/win32-ia32": "0.24.2",
        "@esbuild/win32-x64": "0.24.2"
      }
    },
    "node_modules/ev-emitter": {
      "version": "1.1.1",
      "license": "MIT"
    },
    "node_modules/fill-range": {
      "version": "7.1.1",
      "dev": true,
      "license": "MIT",
      "dependencies": {
        "to-regex-range": "^5.0.1"
      },
      "engines": {
        "node": ">=8"
      }
    },
    "node_modules/fizzy-ui-utils": {
      "version": "2.0.7",
      "license": "MIT",
      "dependencies": {
        "desandro-matches-selector": "^2.0.0"
      }
    },
    "node_modules/get-size": {
      "version": "2.0.3",
      "license": "MIT"
    },
    "node_modules/glob-parent": {
      "version": "5.1.2",
      "dev": true,
      "license": "ISC",
      "dependencies": {
        "is-glob": "^4.0.1"
      },
      "engines": {
        "node": ">= 6"
      }
    },
    "node_modules/immutable": {
      "version": "5.0.3",
      "dev": true,
      "license": "MIT"
    },
    "node_modules/is-binary-path": {
      "version": "2.1.0",
      "dev": true,
      "license": "MIT",
      "dependencies": {
        "binary-extensions": "^2.0.0"
      },
      "engines": {
        "node": ">=8"
      }
    },
    "node_modules/is-extglob": {
      "version": "2.1.1",
      "dev": true,
      "license": "MIT",
      "engines": {
        "node": ">=0.10.0"
      }
    },
    "node_modules/is-glob": {
      "version": "4.0.3",
      "dev": true,
      "license": "MIT",
      "dependencies": {
        "is-extglob": "^2.1.1"
      },
      "engines": {
        "node": ">=0.10.0"
      }
    },
    "node_modules/is-number": {
      "version": "7.0.0",
      "dev": true,
      "license": "MIT",
      "engines": {
        "node": ">=0.12.0"
      }
    },
    "node_modules/isotope-layout": {
      "version": "3.0.6",
      "license": "GPL-3.0",
      "dependencies": {
        "desandro-matches-selector": "^2.0.0",
        "fizzy-ui-utils": "^2.0.4",
        "get-size": "^2.0.0",
        "masonry-layout": "^4.1.0",
        "outlayer": "^2.1.0"
      }
    },
    "node_modules/jquery": {
      "version": "3.7.1",
      "license": "MIT"
    },
    "node_modules/masonry-layout": {
      "version": "4.2.2",
      "license": "MIT",
      "dependencies": {
        "get-size": "^2.0.2",
        "outlayer": "^2.1.0"
      }
    },
    "node_modules/micromatch": {
      "version": "4.0.8",
      "dev": true,
      "license": "MIT",
      "optional": true,
      "dependencies": {
        "braces": "^3.0.3",
        "picomatch": "^2.3.1"
      },
      "engines": {
        "node": ">=8.6"
      }
    },
    "node_modules/nanoid": {
      "version": "3.3.8",
      "dev": true,
      "funding": [
        {
          "type": "github",
          "url": "https://github.com/sponsors/ai"
        }
      ],
      "license": "MIT",
      "bin": {
        "nanoid": "bin/nanoid.cjs"
      },
      "engines": {
        "node": "^10 || ^12 || ^13.7 || ^14 || >=15.0.1"
      }
    },
    "node_modules/node-addon-api": {
      "version": "7.1.1",
      "dev": true,
      "license": "MIT",
      "optional": true
    },
    "node_modules/normalize-path": {
      "version": "3.0.0",
      "dev": true,
      "license": "MIT",
      "engines": {
        "node": ">=0.10.0"
      }
    },
    "node_modules/outlayer": {
      "version": "2.1.1",
      "license": "MIT",
      "dependencies": {
        "ev-emitter": "^1.0.0",
        "fizzy-ui-utils": "^2.0.0",
        "get-size": "^2.0.2"
      }
    },
    "node_modules/picocolors": {
      "version": "1.1.1",
      "dev": true,
      "license": "ISC"
    },
    "node_modules/picomatch": {
      "version": "2.3.1",
      "dev": true,
      "license": "MIT",
      "engines": {
        "node": ">=8.6"
      },
      "funding": {
        "url": "https://github.com/sponsors/jonschlinkert"
      }
    },
    "node_modules/postcss": {
      "version": "8.4.49",
      "dev": true,
      "funding": [
        {
          "type": "opencollective",
          "url": "https://opencollective.com/postcss/"
        },
        {
          "type": "tidelift",
          "url": "https://tidelift.com/funding/github/npm/postcss"
        },
        {
          "type": "github",
          "url": "https://github.com/sponsors/ai"
        }
      ],
      "license": "MIT",
      "dependencies": {
        "nanoid": "^3.3.7",
        "picocolors": "^1.1.1",
        "source-map-js": "^1.2.1"
      },
      "engines": {
        "node": "^10 || ^12 || >=14"
      }
    },
    "node_modules/readdirp": {
      "version": "4.0.2",
      "dev": true,
      "license": "MIT",
      "engines": {
        "node": ">= 14.16.0"
      },
      "funding": {
        "type": "individual",
        "url": "https://paulmillr.com/funding/"
      }
    },
    "node_modules/rollup": {
      "version": "4.29.1",
      "dev": true,
      "license": "MIT",
      "dependencies": {
        "@types/estree": "1.0.6"
      },
      "bin": {
        "rollup": "dist/bin/rollup"
      },
      "engines": {
        "node": ">=18.0.0",
        "npm": ">=8.0.0"
      },
      "optionalDependencies": {
        "@rollup/rollup-android-arm-eabi": "4.29.1",
        "@rollup/rollup-android-arm64": "4.29.1",
        "@rollup/rollup-darwin-arm64": "4.29.1",
        "@rollup/rollup-darwin-x64": "4.29.1",
        "@rollup/rollup-freebsd-arm64": "4.29.1",
        "@rollup/rollup-freebsd-x64": "4.29.1",
        "@rollup/rollup-linux-arm-gnueabihf": "4.29.1",
        "@rollup/rollup-linux-arm-musleabihf": "4.29.1",
        "@rollup/rollup-linux-arm64-gnu": "4.29.1",
        "@rollup/rollup-linux-arm64-musl": "4.29.1",
        "@rollup/rollup-linux-loongarch64-gnu": "4.29.1",
        "@rollup/rollup-linux-powerpc64le-gnu": "4.29.1",
        "@rollup/rollup-linux-riscv64-gnu": "4.29.1",
        "@rollup/rollup-linux-s390x-gnu": "4.29.1",
        "@rollup/rollup-linux-x64-gnu": "4.29.1",
        "@rollup/rollup-linux-x64-musl": "4.29.1",
        "@rollup/rollup-win32-arm64-msvc": "4.29.1",
        "@rollup/rollup-win32-ia32-msvc": "4.29.1",
        "@rollup/rollup-win32-x64-msvc": "4.29.1",
        "fsevents": "~2.3.2"
      }
    },
    "node_modules/sass": {
      "version": "1.83.1",
      "resolved": "https://registry.npmjs.org/sass/-/sass-1.83.1.tgz",
      "integrity": "sha512-EVJbDaEs4Rr3F0glJzFSOvtg2/oy2V/YrGFPqPY24UqcLDWcI9ZY5sN+qyO3c/QCZwzgfirvhXvINiJCE/OLcA==",
      "dev": true,
      "license": "MIT",
      "dependencies": {
        "chokidar": "^4.0.0",
        "immutable": "^5.0.2",
        "source-map-js": ">=0.6.2 <2.0.0"
      },
      "bin": {
        "sass": "sass.js"
      },
      "engines": {
        "node": ">=14.0.0"
      },
      "optionalDependencies": {
        "@parcel/watcher": "^2.4.1"
      }
    },
    "node_modules/source-map": {
      "version": "0.6.1",
      "dev": true,
      "license": "BSD-3-Clause",
      "engines": {
        "node": ">=0.10.0"
      }
    },
    "node_modules/source-map-js": {
      "version": "1.2.1",
      "dev": true,
      "license": "BSD-3-Clause",
      "engines": {
        "node": ">=0.10.0"
      }
    },
    "node_modules/source-map-support": {
      "version": "0.5.21",
      "dev": true,
      "license": "MIT",
      "dependencies": {
        "buffer-from": "^1.0.0",
        "source-map": "^0.6.0"
      }
    },
    "node_modules/terser": {
      "version": "5.37.0",
      "dev": true,
      "license": "BSD-2-Clause",
      "dependencies": {
        "@jridgewell/source-map": "^0.3.3",
        "acorn": "^8.8.2",
        "commander": "^2.20.0",
        "source-map-support": "~0.5.20"
      },
      "bin": {
        "terser": "bin/terser"
      },
      "engines": {
        "node": ">=10"
      }
    },
    "node_modules/to-regex-range": {
      "version": "5.0.1",
      "dev": true,
      "license": "MIT",
      "dependencies": {
        "is-number": "^7.0.0"
      },
      "engines": {
        "node": ">=8.0"
      }
    },
    "node_modules/vite": {
      "version": "6.0.7",
      "dev": true,
      "license": "MIT",
      "dependencies": {
        "esbuild": "^0.24.2",
        "postcss": "^8.4.49",
        "rollup": "^4.23.0"
      },
      "bin": {
        "vite": "bin/vite.js"
      },
      "engines": {
        "node": "^18.0.0 || ^20.0.0 || >=22.0.0"
      },
      "funding": {
        "url": "https://github.com/vitejs/vite?sponsor=1"
      },
      "optionalDependencies": {
        "fsevents": "~2.3.3"
      },
      "peerDependencies": {
        "@types/node": "^18.0.0 || ^20.0.0 || >=22.0.0",
        "jiti": ">=1.21.0",
        "less": "*",
        "lightningcss": "^1.21.0",
        "sass": "*",
        "sass-embedded": "*",
        "stylus": "*",
        "sugarss": "*",
        "terser": "^5.16.0",
        "tsx": "^4.8.1",
        "yaml": "^2.4.2"
      },
      "peerDependenciesMeta": {
        "@types/node": {
          "optional": true
        },
        "jiti": {
          "optional": true
        },
        "less": {
          "optional": true
        },
        "lightningcss": {
          "optional": true
        },
        "sass": {
          "optional": true
        },
        "sass-embedded": {
          "optional": true
        },
        "stylus": {
          "optional": true
        },
        "sugarss": {
          "optional": true
        },
        "terser": {
          "optional": true
        },
        "tsx": {
          "optional": true
        },
        "yaml": {
          "optional": true
        }
      }
    },
    "node_modules/vite-plugin-live-reload": {
      "version": "3.0.4",
      "resolved": "https://registry.npmjs.org/vite-plugin-live-reload/-/vite-plugin-live-reload-3.0.4.tgz",
      "integrity": "sha512-hhFuCoCnrH3mJCsiRjpbSFPI2EoUOoLQ3evxCXhzptLXRrsC5kFcByk/gUyngsn9LvDuIOn85ZnejqCApM51gg==",
      "dev": true,
      "license": "MIT",
      "dependencies": {
        "chokidar": "^3.6.0",
        "picocolors": "^1.1.1"
      },
      "peerDependencies": {
        "vite": "^4.0.0 || ^5.0.0 || ^6.0.0"
      }
    },
    "node_modules/vite-plugin-live-reload/node_modules/chokidar": {
      "version": "3.6.0",
      "dev": true,
      "license": "MIT",
      "dependencies": {
        "anymatch": "~3.1.2",
        "braces": "~3.0.2",
        "glob-parent": "~5.1.2",
        "is-binary-path": "~2.1.0",
        "is-glob": "~4.0.1",
        "normalize-path": "~3.0.0",
        "readdirp": "~3.6.0"
      },
      "engines": {
        "node": ">= 8.10.0"
      },
      "funding": {
        "url": "https://paulmillr.com/funding/"
      },
      "optionalDependencies": {
        "fsevents": "~2.3.2"
      }
    },
    "node_modules/vite-plugin-live-reload/node_modules/readdirp": {
      "version": "3.6.0",
      "dev": true,
      "license": "MIT",
      "dependencies": {
        "picomatch": "^2.2.1"
      },
      "engines": {
        "node": ">=8.10.0"
      }
    }
  }
}
